// !$*UTF8*$!
{
	archiveVersion = 1;
	classes = {
	};
	objectVersion = 51;
	objects = {

/* Begin PBXBuildFile section */
		CF1C1E2526F375B1001B2D1E /* AppDelegate.swift in Sources */ = {isa = PBXBuildFile; fileRef = CF1C1E2426F375B1001B2D1E /* AppDelegate.swift */; };
		CF1C1E2726F375B1001B2D1E /* SceneDelegate.swift in Sources */ = {isa = PBXBuildFile; fileRef = CF1C1E2626F375B1001B2D1E /* SceneDelegate.swift */; };
		CF1C1E2C26F375B1001B2D1E /* Main.storyboard in Resources */ = {isa = PBXBuildFile; fileRef = CF1C1E2A26F375B1001B2D1E /* Main.storyboard */; };
		CF1C1E2E26F375BB001B2D1E /* Assets.xcassets in Resources */ = {isa = PBXBuildFile; fileRef = CF1C1E2D26F375BB001B2D1E /* Assets.xcassets */; };
		CF1C1E3126F375BB001B2D1E /* LaunchScreen.storyboard in Resources */ = {isa = PBXBuildFile; fileRef = CF1C1E2F26F375BB001B2D1E /* LaunchScreen.storyboard */; };
		CF1C1E4926F377A8001B2D1E /* CustomViewController.swift in Sources */ = {isa = PBXBuildFile; fileRef = CF1C1E4426F377A7001B2D1E /* CustomViewController.swift */; };
		CF1C1E5B26F379AF001B2D1E /* Composing.swift in Sources */ = {isa = PBXBuildFile; fileRef = CF1C1E5A26F379AF001B2D1E /* Composing.swift */; };
		CF1C1E5E26F379B7001B2D1E /* AffineTransformations.swift in Sources */ = {isa = PBXBuildFile; fileRef = CF1C1E5D26F379B7001B2D1E /* AffineTransformations.swift */; };
		CF1C1E6026F379BC001B2D1E /* ImageToVideoTransformer.swift in Sources */ = {isa = PBXBuildFile; fileRef = CF1C1E5F26F379BC001B2D1E /* ImageToVideoTransformer.swift */; };
		CF1C1E6326F379C0001B2D1E /* MediaItem.swift in Sources */ = {isa = PBXBuildFile; fileRef = CF1C1E6226F379C0001B2D1E /* MediaItem.swift */; };
		CF1C1E6626F379C4001B2D1E /* Timeline.swift in Sources */ = {isa = PBXBuildFile; fileRef = CF1C1E6526F379C4001B2D1E /* Timeline.swift */; };
		CF1C1E6926F379CB001B2D1E /* Exporter.swift in Sources */ = {isa = PBXBuildFile; fileRef = CF1C1E6826F379CB001B2D1E /* Exporter.swift */; };
		CF1C1E7026F3820A001B2D1E /* music.mp3 in Resources */ = {isa = PBXBuildFile; fileRef = CF1C1E6F26F3820A001B2D1E /* music.mp3 */; };
		DD6C806E8A028DCE2ECF83A5 /* Pods_DemoAVFoundation.framework in Frameworks */ = {isa = PBXBuildFile; fileRef = 6F727D01EBC63FAE8A6F1230 /* Pods_DemoAVFoundation.framework */; };
/* End PBXBuildFile section */

/* Begin PBXFileReference section */
		6F727D01EBC63FAE8A6F1230 /* Pods_DemoAVFoundation.framework */ = {isa = PBXFileReference; explicitFileType = wrapper.framework; includeInIndex = 0; path = Pods_DemoAVFoundation.framework; sourceTree = BUILT_PRODUCTS_DIR; };
		758FF81F6C43434EBAE58BD9 /* Pods-DemoAVFoundation.debug.xcconfig */ = {isa = PBXFileReference; includeInIndex = 1; lastKnownFileType = text.xcconfig; name = "Pods-DemoAVFoundation.debug.xcconfig"; path = "Target Support Files/Pods-DemoAVFoundation/Pods-DemoAVFoundation.debug.xcconfig"; sourceTree = "<group>"; };
		CF1C1E2126F375B1001B2D1E /* DemoAVFoundation.app */ = {isa = PBXFileReference; explicitFileType = wrapper.application; includeInIndex = 0; path = DemoAVFoundation.app; sourceTree = BUILT_PRODUCTS_DIR; };
		CF1C1E2426F375B1001B2D1E /* AppDelegate.swift */ = {isa = PBXFileReference; lastKnownFileType = sourcecode.swift; path = AppDelegate.swift; sourceTree = "<group>"; };
		CF1C1E2626F375B1001B2D1E /* SceneDelegate.swift */ = {isa = PBXFileReference; lastKnownFileType = sourcecode.swift; path = SceneDelegate.swift; sourceTree = "<group>"; };
		CF1C1E2B26F375B1001B2D1E /* Base */ = {isa = PBXFileReference; lastKnownFileType = file.storyboard; name = Base; path = Base.lproj/Main.storyboard; sourceTree = "<group>"; };
		CF1C1E2D26F375BB001B2D1E /* Assets.xcassets */ = {isa = PBXFileReference; lastKnownFileType = folder.assetcatalog; path = Assets.xcassets; sourceTree = "<group>"; };
		CF1C1E3026F375BB001B2D1E /* Base */ = {isa = PBXFileReference; lastKnownFileType = file.storyboard; name = Base; path = Base.lproj/LaunchScreen.storyboard; sourceTree = "<group>"; };
		CF1C1E3226F375BB001B2D1E /* Info.plist */ = {isa = PBXFileReference; lastKnownFileType = text.plist.xml; path = Info.plist; sourceTree = "<group>"; };
		CF1C1E4426F377A7001B2D1E /* CustomViewController.swift */ = {isa = PBXFileReference; fileEncoding = 4; lastKnownFileType = sourcecode.swift; path = CustomViewController.swift; sourceTree = "<group>"; };
		CF1C1E5A26F379AF001B2D1E /* Composing.swift */ = {isa = PBXFileReference; lastKnownFileType = sourcecode.swift; path = Composing.swift; sourceTree = "<group>"; };
		CF1C1E5D26F379B7001B2D1E /* AffineTransformations.swift */ = {isa = PBXFileReference; lastKnownFileType = sourcecode.swift; path = AffineTransformations.swift; sourceTree = "<group>"; };
		CF1C1E5F26F379BC001B2D1E /* ImageToVideoTransformer.swift */ = {isa = PBXFileReference; lastKnownFileType = sourcecode.swift; path = ImageToVideoTransformer.swift; sourceTree = "<group>"; };
		CF1C1E6226F379C0001B2D1E /* MediaItem.swift */ = {isa = PBXFileReference; lastKnownFileType = sourcecode.swift; path = MediaItem.swift; sourceTree = "<group>"; };
		CF1C1E6526F379C4001B2D1E /* Timeline.swift */ = {isa = PBXFileReference; lastKnownFileType = sourcecode.swift; path = Timeline.swift; sourceTree = "<group>"; };
		CF1C1E6826F379CB001B2D1E /* Exporter.swift */ = {isa = PBXFileReference; lastKnownFileType = sourcecode.swift; path = Exporter.swift; sourceTree = "<group>"; };
		CF1C1E6F26F3820A001B2D1E /* music.mp3 */ = {isa = PBXFileReference; lastKnownFileType = audio.mp3; path = music.mp3; sourceTree = "<group>"; };
		D8A8C24B93A60B87D5B5C2FF /* Pods-DemoAVFoundation.release.xcconfig */ = {isa = PBXFileReference; includeInIndex = 1; lastKnownFileType = text.xcconfig; name = "Pods-DemoAVFoundation.release.xcconfig"; path = "Target Support Files/Pods-DemoAVFoundation/Pods-DemoAVFoundation.release.xcconfig"; sourceTree = "<group>"; };
/* End PBXFileReference section */

/* Begin PBXFrameworksBuildPhase section */
		CF1C1E1E26F375B1001B2D1E /* Frameworks */ = {
			isa = PBXFrameworksBuildPhase;
			buildActionMask = 2147483647;
			files = (
				DD6C806E8A028DCE2ECF83A5 /* Pods_DemoAVFoundation.framework in Frameworks */,
			);
			runOnlyForDeploymentPostprocessing = 0;
		};
/* End PBXFrameworksBuildPhase section */

/* Begin PBXGroup section */
		6789D99DF4E2CB97778584D8 /* Frameworks */ = {
			isa = PBXGroup;
			children = (
				6F727D01EBC63FAE8A6F1230 /* Pods_DemoAVFoundation.framework */,
			);
			name = Frameworks;
			sourceTree = "<group>";
		};
		7A69F5E4178AC944DC845EA3 /* Pods */ = {
			isa = PBXGroup;
			children = (
				758FF81F6C43434EBAE58BD9 /* Pods-DemoAVFoundation.debug.xcconfig */,
				D8A8C24B93A60B87D5B5C2FF /* Pods-DemoAVFoundation.release.xcconfig */,
			);
			path = Pods;
			sourceTree = "<group>";
		};
		CF1C1E1826F375B1001B2D1E = {
			isa = PBXGroup;
			children = (
				CF1C1E2326F375B1001B2D1E /* DemoAVFoundation */,
				CF1C1E2226F375B1001B2D1E /* Products */,
				7A69F5E4178AC944DC845EA3 /* Pods */,
				6789D99DF4E2CB97778584D8 /* Frameworks */,
			);
			sourceTree = "<group>";
		};
		CF1C1E2226F375B1001B2D1E /* Products */ = {
			isa = PBXGroup;
			children = (
				CF1C1E2126F375B1001B2D1E /* DemoAVFoundation.app */,
			);
			name = Products;
			sourceTree = "<group>";
		};
		CF1C1E2326F375B1001B2D1E /* DemoAVFoundation */ = {
			isa = PBXGroup;
			children = (
				CF1C1E4426F377A7001B2D1E /* CustomViewController.swift */,
				CF1C1E5A26F379AF001B2D1E /* Composing.swift */,
				CF1C1E5D26F379B7001B2D1E /* AffineTransformations.swift */,
				CF1C1E5F26F379BC001B2D1E /* ImageToVideoTransformer.swift */,
				CF1C1E6226F379C0001B2D1E /* MediaItem.swift */,
				CF1C1E6526F379C4001B2D1E /* Timeline.swift */,
				CF1C1E6826F379CB001B2D1E /* Exporter.swift */,
				CF1C1E2426F375B1001B2D1E /* AppDelegate.swift */,
				CF1C1E6F26F3820A001B2D1E /* music.mp3 */,
				CF1C1E2626F375B1001B2D1E /* SceneDelegate.swift */,
				CF1C1E2A26F375B1001B2D1E /* Main.storyboard */,
				CF1C1E2D26F375BB001B2D1E /* Assets.xcassets */,
				CF1C1E2F26F375BB001B2D1E /* LaunchScreen.storyboard */,
				CF1C1E3226F375BB001B2D1E /* Info.plist */,
			);
			path = DemoAVFoundation;
			sourceTree = "<group>";
		};
/* End PBXGroup section */

/* Begin PBXNativeTarget section */
		CF1C1E2026F375B1001B2D1E /* DemoAVFoundation */ = {
			isa = PBXNativeTarget;
			buildConfigurationList = CF1C1E3526F375BB001B2D1E /* Build configuration list for PBXNativeTarget "DemoAVFoundation" */;
			buildPhases = (
				7B390925BD12ACF77A67B4F2 /* [CP] Check Pods Manifest.lock */,
				CF1C1E1D26F375B1001B2D1E /* Sources */,
				CF1C1E1E26F375B1001B2D1E /* Frameworks */,
				CF1C1E1F26F375B1001B2D1E /* Resources */,
				CD963DC3305CB01AECA62264 /* [CP] Embed Pods Frameworks */,
			);
			buildRules = (
			);
			dependencies = (
			);
			name = DemoAVFoundation;
			productName = DemoAVFoundation;
			productReference = CF1C1E2126F375B1001B2D1E /* DemoAVFoundation.app */;
			productType = "com.apple.product-type.application";
		};
/* End PBXNativeTarget section */

/* Begin PBXProject section */
		CF1C1E1926F375B1001B2D1E /* Project object */ = {
			isa = PBXProject;
			attributes = {
				LastSwiftUpdateCheck = 1220;
				LastUpgradeCheck = 1220;
				TargetAttributes = {
					CF1C1E2026F375B1001B2D1E = {
						CreatedOnToolsVersion = 12.2;
					};
				};
			};
			buildConfigurationList = CF1C1E1C26F375B1001B2D1E /* Build configuration list for PBXProject "DemoAVFoundation" */;
			compatibilityVersion = "Xcode 9.3";
			developmentRegion = en;
			hasScannedForEncodings = 0;
			knownRegions = (
				en,
				Base,
			);
			mainGroup = CF1C1E1826F375B1001B2D1E;
			productRefGroup = CF1C1E2226F375B1001B2D1E /* Products */;
			projectDirPath = "";
			projectRoot = "";
			targets = (
				CF1C1E2026F375B1001B2D1E /* DemoAVFoundation */,
			);
		};
/* End PBXProject section */

/* Begin PBXResourcesBuildPhase section */
		CF1C1E1F26F375B1001B2D1E /* Resources */ = {
			isa = PBXResourcesBuildPhase;
			buildActionMask = 2147483647;
			files = (
				CF1C1E7026F3820A001B2D1E /* music.mp3 in Resources */,
				CF1C1E3126F375BB001B2D1E /* LaunchScreen.storyboard in Resources */,
				CF1C1E2E26F375BB001B2D1E /* Assets.xcassets in Resources */,
				CF1C1E2C26F375B1001B2D1E /* Main.storyboard in Resources */,
			);
			runOnlyForDeploymentPostprocessing = 0;
		};
/* End PBXResourcesBuildPhase section */

/* Begin PBXShellScriptBuildPhase section */
		7B390925BD12ACF77A67B4F2 /* [CP] Check Pods Manifest.lock */ = {
			isa = PBXShellScriptBuildPhase;
			buildActionMask = 2147483647;
			files = (
			);
			inputFileListPaths = (
			);
			inputPaths = (
				"${PODS_PODFILE_DIR_PATH}/Podfile.lock",
				"${PODS_ROOT}/Manifest.lock",
			);
			name = "[CP] Check Pods Manifest.lock";
			outputFileListPaths = (
			);
			outputPaths = (
				"$(DERIVED_FILE_DIR)/Pods-DemoAVFoundation-checkManifestLockResult.txt",
			);
			runOnlyForDeploymentPostprocessing = 0;
			shellPath = /bin/sh;
			shellScript = "diff \"${PODS_PODFILE_DIR_PATH}/Podfile.lock\" \"${PODS_ROOT}/Manifest.lock\" > /dev/null\nif [ $? != 0 ] ; then\n    # print error to STDERR\n    echo \"error: The sandbox is not in sync with the Podfile.lock. Run 'pod install' or update your CocoaPods installation.\" >&2\n    exit 1\nfi\n# This output is used by Xcode 'outputs' to avoid re-running this script phase.\necho \"SUCCESS\" > \"${SCRIPT_OUTPUT_FILE_0}\"\n";
			showEnvVarsInLog = 0;
		};
		CD963DC3305CB01AECA62264 /* [CP] Embed Pods Frameworks */ = {
			isa = PBXShellScriptBuildPhase;
			buildActionMask = 2147483647;
			files = (
			);
			inputFileListPaths = (
				"${PODS_ROOT}/Target Support Files/Pods-DemoAVFoundation/Pods-DemoAVFoundation-frameworks-${CONFIGURATION}-input-files.xcfilelist",
			);
			name = "[CP] Embed Pods Frameworks";
			outputFileListPaths = (
				"${PODS_ROOT}/Target Support Files/Pods-DemoAVFoundation/Pods-DemoAVFoundation-frameworks-${CONFIGURATION}-output-files.xcfilelist",
			);
			runOnlyForDeploymentPostprocessing = 0;
			shellPath = /bin/sh;
			shellScript = "\"${PODS_ROOT}/Target Support Files/Pods-DemoAVFoundation/Pods-DemoAVFoundation-frameworks.sh\"\n";
			showEnvVarsInLog = 0;
		};
/* End PBXShellScriptBuildPhase section */

/* Begin PBXSourcesBuildPhase section */
		CF1C1E1D26F375B1001B2D1E /* Sources */ = {
			isa = PBXSourcesBuildPhase;
			buildActionMask = 2147483647;
			files = (
				CF1C1E6626F379C4001B2D1E /* Timeline.swift in Sources */,
				CF1C1E6926F379CB001B2D1E /* Exporter.swift in Sources */,
				CF1C1E6326F379C0001B2D1E /* MediaItem.swift in Sources */,
				CF1C1E2526F375B1001B2D1E /* AppDelegate.swift in Sources */,
				CF1C1E5B26F379AF001B2D1E /* Composing.swift in Sources */,
				CF1C1E6026F379BC001B2D1E /* ImageToVideoTransformer.swift in Sources */,
				CF1C1E2726F375B1001B2D1E /* SceneDelegate.swift in Sources */,
				CF1C1E4926F377A8001B2D1E /* CustomViewController.swift in Sources */,
				CF1C1E5E26F379B7001B2D1E /* AffineTransformations.swift in Sources */,
			);
			runOnlyForDeploymentPostprocessing = 0;
		};
/* End PBXSourcesBuildPhase section */

/* Begin PBXVariantGroup section */
		CF1C1E2A26F375B1001B2D1E /* Main.storyboard */ = {
			isa = PBXVariantGroup;
			children = (
				CF1C1E2B26F375B1001B2D1E /* Base */,
			);
			name = Main.storyboard;
			sourceTree = "<group>";
		};
		CF1C1E2F26F375BB001B2D1E /* LaunchScreen.storyboard */ = {
			isa = PBXVariantGroup;
			children = (
				CF1C1E3026F375BB001B2D1E /* Base */,
			);
			name = LaunchScreen.storyboard;
			sourceTree = "<group>";
		};
/* End PBXVariantGroup section */

/* Begin XCBuildConfiguration section */
		CF1C1E3326F375BB001B2D1E /* Debug */ = {
			isa = XCBuildConfiguration;
			buildSettings = {
				ALWAYS_SEARCH_USER_PATHS = NO;
				CLANG_ANALYZER_NONNULL = YES;
				CLANG_ANALYZER_NUMBER_OBJECT_CONVERSION = YES_AGGRESSIVE;
				CLANG_CXX_LANGUAGE_STANDARD = "gnu++14";
				CLANG_CXX_LIBRARY = "libc++";
				CLANG_ENABLE_MODULES = YES;
				CLANG_ENABLE_OBJC_ARC = YES;
				CLANG_ENABLE_OBJC_WEAK = YES;
				CLANG_WARN_BLOCK_CAPTURE_AUTORELEASING = YES;
				CLANG_WARN_BOOL_CONVERSION = YES;
				CLANG_WARN_COMMA = YES;
				CLANG_WARN_CONSTANT_CONVERSION = YES;
				CLANG_WARN_DEPRECATED_OBJC_IMPLEMENTATIONS = YES;
				CLANG_WARN_DIRECT_OBJC_ISA_USAGE = YES_ERROR;
				CLANG_WARN_DOCUMENTATION_COMMENTS = YES;
				CLANG_WARN_EMPTY_BODY = YES;
				CLANG_WARN_ENUM_CONVERSION = YES;
				CLANG_WARN_INFINITE_RECURSION = YES;
				CLANG_WARN_INT_CONVERSION = YES;
				CLANG_WARN_NON_LITERAL_NULL_CONVERSION = YES;
				CLANG_WARN_OBJC_IMPLICIT_RETAIN_SELF = YES;
				CLANG_WARN_OBJC_LITERAL_CONVERSION = YES;
				CLANG_WARN_OBJC_ROOT_CLASS = YES_ERROR;
				CLANG_WARN_QUOTED_INCLUDE_IN_FRAMEWORK_HEADER = YES;
				CLANG_WARN_RANGE_LOOP_ANALYSIS = YES;
				CLANG_WARN_STRICT_PROTOTYPES = YES;
				CLANG_WARN_SUSPICIOUS_MOVE = YES;
				CLANG_WARN_UNGUARDED_AVAILABILITY = YES_AGGRESSIVE;
				CLANG_WARN_UNREACHABLE_CODE = YES;
				CLANG_WARN__DUPLICATE_METHOD_MATCH = YES;
				COPY_PHASE_STRIP = NO;
				DEBUG_INFORMATION_FORMAT = dwarf;
				ENABLE_STRICT_OBJC_MSGSEND = YES;
				ENABLE_TESTABILITY = YES;
				GCC_C_LANGUAGE_STANDARD = gnu11;
				GCC_DYNAMIC_NO_PIC = NO;
				GCC_NO_COMMON_BLOCKS = YES;
				GCC_OPTIMIZATION_LEVEL = 0;
				GCC_PREPROCESSOR_DEFINITIONS = (
					"DEBUG=1",
					"$(inherited)",
				);
				GCC_WARN_64_TO_32_BIT_CONVERSION = YES;
				GCC_WARN_ABOUT_RETURN_TYPE = YES_ERROR;
				GCC_WARN_UNDECLARED_SELECTOR = YES;
				GCC_WARN_UNINITIALIZED_AUTOS = YES_AGGRESSIVE;
				GCC_WARN_UNUSED_FUNCTION = YES;
				GCC_WARN_UNUSED_VARIABLE = YES;
				IPHONEOS_DEPLOYMENT_TARGET = 14.2;
				MTL_ENABLE_DEBUG_INFO = INCLUDE_SOURCE;
				MTL_FAST_MATH = YES;
				ONLY_ACTIVE_ARCH = YES;
				SDKROOT = iphoneos;
				SWIFT_ACTIVE_COMPILATION_CONDITIONS = DEBUG;
				SWIFT_OPTIMIZATION_LEVEL = "-Onone";
			};
			name = Debug;
		};
		CF1C1E3426F375BB001B2D1E /* Release */ = {
			isa = XCBuildConfiguration;
			buildSettings = {
				ALWAYS_SEARCH_USER_PATHS = NO;
				CLANG_ANALYZER_NONNULL = YES;
				CLANG_ANALYZER_NUMBER_OBJECT_CONVERSION = YES_AGGRESSIVE;
				CLANG_CXX_LANGUAGE_STANDARD = "gnu++14";
				CLANG_CXX_LIBRARY = "libc++";
				CLANG_ENABLE_MODULES = YES;
				CLANG_ENABLE_OBJC_ARC = YES;
				CLANG_ENABLE_OBJC_WEAK = YES;
				CLANG_WARN_BLOCK_CAPTURE_AUTORELEASING = YES;
				CLANG_WARN_BOOL_CONVERSION = YES;
				CLANG_WARN_COMMA = YES;
				CLANG_WARN_CONSTANT_CONVERSION = YES;
				CLANG_WARN_DEPRECATED_OBJC_IMPLEMENTATIONS = YES;
				CLANG_WARN_DIRECT_OBJC_ISA_USAGE = YES_ERROR;
				CLANG_WARN_DOCUMENTATION_COMMENTS = YES;
				CLANG_WARN_EMPTY_BODY = YES;
				CLANG_WARN_ENUM_CONVERSION = YES;
				CLANG_WARN_INFINITE_RECURSION = YES;
				CLANG_WARN_INT_CONVERSION = YES;
				CLANG_WARN_NON_LITERAL_NULL_CONVERSION = YES;
				CLANG_WARN_OBJC_IMPLICIT_RETAIN_SELF = YES;
				CLANG_WARN_OBJC_LITERAL_CONVERSION = YES;
				CLANG_WARN_OBJC_ROOT_CLASS = YES_ERROR;
				CLANG_WARN_QUOTED_INCLUDE_IN_FRAMEWORK_HEADER = YES;
				CLANG_WARN_RANGE_LOOP_ANALYSIS = YES;
				CLANG_WARN_STRICT_PROTOTYPES = YES;
				CLANG_WARN_SUSPICIOUS_MOVE = YES;
				CLANG_WARN_UNGUARDED_AVAILABILITY = YES_AGGRESSIVE;
				CLANG_WARN_UNREACHABLE_CODE = YES;
				CLANG_WARN__DUPLICATE_METHOD_MATCH = YES;
				COPY_PHASE_STRIP = NO;
				DEBUG_INFORMATION_FORMAT = "dwarf-with-dsym";
				ENABLE_NS_ASSERTIONS = NO;
				ENABLE_STRICT_OBJC_MSGSEND = YES;
				GCC_C_LANGUAGE_STANDARD = gnu11;
				GCC_NO_COMMON_BLOCKS = YES;
				GCC_WARN_64_TO_32_BIT_CONVERSION = YES;
				GCC_WARN_ABOUT_RETURN_TYPE = YES_ERROR;
				GCC_WARN_UNDECLARED_SELECTOR = YES;
				GCC_WARN_UNINITIALIZED_AUTOS = YES_AGGRESSIVE;
				GCC_WARN_UNUSED_FUNCTION = YES;
				GCC_WARN_UNUSED_VARIABLE = YES;
				IPHONEOS_DEPLOYMENT_TARGET = 14.2;
				MTL_ENABLE_DEBUG_INFO = NO;
				MTL_FAST_MATH = YES;
				SDKROOT = iphoneos;
				SWIFT_COMPILATION_MODE = wholemodule;
				SWIFT_OPTIMIZATION_LEVEL = "-O";
				VALIDATE_PRODUCT = YES;
			};
			name = Release;
		};
		CF1C1E3626F375BB001B2D1E /* Debug */ = {
			isa = XCBuildConfiguration;
			baseConfigurationReference = 758FF81F6C43434EBAE58BD9 /* Pods-DemoAVFoundation.debug.xcconfig */;
			buildSettings = {
				ASSETCATALOG_COMPILER_APPICON_NAME = AppIcon;
				ASSETCATALOG_COMPILER_GLOBAL_ACCENT_COLOR_NAME = AccentColor;
				CODE_SIGN_STYLE = Automatic;
				INFOPLIST_FILE = DemoAVFoundation/Info.plist;
				LD_RUNPATH_SEARCH_PATHS = (
					"$(inherited)",
					"@executable_path/Frameworks",
				);
				PRODUCT_BUNDLE_IDENTIFIER = "-.DemoAVFoundation";
				PRODUCT_NAME = "$(TARGET_NAME)";
				SWIFT_VERSION = 5.0;
				TARGETED_DEVICE_FAMILY = "1,2";
			};
			name = Debug;
		};
		CF1C1E3726F375BB001B2D1E /* Release */ = {
			isa = XCBuildConfiguration;
			baseConfigurationReference = D8A8C24B93A60B87D5B5C2FF /* Pods-DemoAVFoundation.release.xcconfig */;
			buildSettings = {
				ASSETCATALOG_COMPILER_APPICON_NAME = AppIcon;
				ASSETCATALOG_COMPILER_GLOBAL_ACCENT_COLOR_NAME = AccentColor;
				CODE_SIGN_STYLE = Automatic;
				INFOPLIST_FILE = DemoAVFoundation/Info.plist;
				LD_RUNPATH_SEARCH_PATHS = (
					"$(inherited)",
					"@executable_path/Frameworks",
				);
				PRODUCT_BUNDLE_IDENTIFIER = "-.DemoAVFoundation";
				PRODUCT_NAME = "$(TARGET_NAME)";
				SWIFT_VERSION = 5.0;
				TARGETED_DEVICE_FAMILY = "1,2";
			};
			name = Release;
		};
/* End XCBuildConfiguration section */

/* Begin XCConfigurationList section */
		CF1C1E1C26F375B1001B2D1E /* Build configuration list for PBXProject "DemoAVFoundation" */ = {
			isa = XCConfigurationList;
			buildConfigurations = (
				CF1C1E3326F375BB001B2D1E /* Debug */,
				CF1C1E3426F375BB001B2D1E /* Release */,
			);
			defaultConfigurationIsVisible = 0;
			defaultConfigurationName = Release;
		};
		CF1C1E3526F375BB001B2D1E /* Build configuration list for PBXNativeTarget "DemoAVFoundation" */ = {
			isa = XCConfigurationList;
			buildConfigurations = (
				CF1C1E3626F375BB001B2D1E /* Debug */,
				CF1C1E3726F375BB001B2D1E /* Release */,
			);
			defaultConfigurationIsVisible = 0;
			defaultConfigurationName = Release;
		};
/* End XCConfigurationList section */
	};
	rootObject = CF1C1E1926F375B1001B2D1E /* Project object */;
}
